// !$*UTF8*$!
{
	archiveVersion = 1;
	classes = {
	};
	objectVersion = 70;
	objects = {

/* Begin PBXBuildFile section */
		30AF09452E40181400E4DD30 /* kokoro-82m in Resources */ = {isa = PBXBuildFile; fileRef = 30AF09442E40181400E4DD30 /* kokoro-82m */; };
		C917B4E52B0EEF3B005245AC /* SherpaOnnxTtsApp.swift in Sources */ = {isa = PBXBuildFile; fileRef = C917B4E42B0EEF3B005245AC /* SherpaOnnxTtsApp.swift */; };
		C917B4E72B0EEF3B005245AC /* ContentView.swift in Sources */ = {isa = PBXBuildFile; fileRef = C917B4E62B0EEF3B005245AC /* ContentView.swift */; };
		C917B4E92B0EEF3C005245AC /* Assets.xcassets in Resources */ = {isa = PBXBuildFile; fileRef = C917B4E82B0EEF3C005245AC /* Assets.xcassets */; };
		C917B4EC2B0EEF3C005245AC /* Preview Assets.xcassets in Resources */ = {isa = PBXBuildFile; fileRef = C917B4EB2B0EEF3C005245AC /* Preview Assets.xcassets */; };
		C9FE9FE52B0F33CD009F1003 /* ViewModel.swift in Sources */ = {isa = PBXBuildFile; fileRef = C9FE9FE42B0F33CD009F1003 /* ViewModel.swift */; };
		C9FE9FE72B0F3620009F1003 /* SherpaOnnx.swift in Sources */ = {isa = PBXBuildFile; fileRef = C9FE9FE62B0F3620009F1003 /* SherpaOnnx.swift */; };
		C9FE9FEA2B0F3754009F1003 /* sherpa-onnx.xcframework in Frameworks */ = {isa = PBXBuildFile; fileRef = C9FE9FE92B0F3754009F1003 /* sherpa-onnx.xcframework */; };
		C9FE9FEF2B0F3EFB009F1003 /* onnxruntime.xcframework in Frameworks */ = {isa = PBXBuildFile; fileRef = C9FE9FEB2B0F3785009F1003 /* onnxruntime.xcframework */; };
/* End PBXBuildFile section */

/* Begin PBXFileReference section */
		30AF09442E40181400E4DD30 /* kokoro-82m */ = {isa = PBXFileReference; lastKnownFileType = folder; name = "kokoro-82m"; path = "SherpaOnnxTts/kokoro-82m"; sourceTree = "<group>"; };
		C917B4E12B0EEF3B005245AC /* SherpaOnnxTts.app */ = {isa = PBXFileReference; explicitFileType = wrapper.application; includeInIndex = 0; path = SherpaOnnxTts.app; sourceTree = BUILT_PRODUCTS_DIR; };
		C917B4E42B0EEF3B005245AC /* SherpaOnnxTtsApp.swift */ = {isa = PBXFileReference; lastKnownFileType = sourcecode.swift; path = SherpaOnnxTtsApp.swift; sourceTree = "<group>"; };
		C917B4E62B0EEF3B005245AC /* ContentView.swift */ = {isa = PBXFileReference; lastKnownFileType = sourcecode.swift; path = ContentView.swift; sourceTree = "<group>"; };
		C917B4E82B0EEF3C005245AC /* Assets.xcassets */ = {isa = PBXFileReference; lastKnownFileType = folder.assetcatalog; path = Assets.xcassets; sourceTree = "<group>"; };
		C917B4EB2B0EEF3C005245AC /* Preview Assets.xcassets */ = {isa = PBXFileReference; lastKnownFileType = folder.assetcatalog; path = "Preview Assets.xcassets"; sourceTree = "<group>"; };
		C9FE9FE42B0F33CD009F1003 /* ViewModel.swift */ = {isa = PBXFileReference; lastKnownFileType = sourcecode.swift; path = ViewModel.swift; sourceTree = "<group>"; };
		C9FE9FE62B0F3620009F1003 /* SherpaOnnx.swift */ = {isa = PBXFileReference; fileEncoding = 4; lastKnownFileType = sourcecode.swift; name = SherpaOnnx.swift; path = "../../../swift-api-examples/SherpaOnnx.swift"; sourceTree = "<group>"; };
		C9FE9FE92B0F3754009F1003 /* sherpa-onnx.xcframework */ = {isa = PBXFileReference; lastKnownFileType = wrapper.xcframework; name = "sherpa-onnx.xcframework"; path = "../../build-ios/sherpa-onnx.xcframework"; sourceTree = "<group>"; };
		C9FE9FEB2B0F3785009F1003 /* onnxruntime.xcframework */ = {isa = PBXFileReference; lastKnownFileType = wrapper.xcframework; name = onnxruntime.xcframework; path = "../../build-ios/ios-onnxruntime/1.17.1/onnxruntime.xcframework"; sourceTree = "<group>"; };
/* End PBXFileReference section */

/* Begin PBXFileSystemSynchronizedBuildFileExceptionSet section */
		30AF09432E4017FA00E4DD30 /* PBXFileSystemSynchronizedBuildFileExceptionSet */ = {
			isa = PBXFileSystemSynchronizedBuildFileExceptionSet;
			membershipExceptions = (
				"date-zh.fst",
				dict/generate_user_dict.py,
				dict/hmm_model.utf8,
				dict/idf.utf8,
				dict/jieba.dict.utf8,
				dict/pos_dict/char_state_tab.utf8,
				dict/pos_dict/prob_emit.utf8,
				dict/pos_dict/prob_start.utf8,
				dict/pos_dict/prob_trans.utf8,
				dict/README.md,
				dict/stop_words.utf8,
				dict/user.dict.utf8,
				"espeak-ng-data/af_dict",
				"espeak-ng-data/am_dict",
				"espeak-ng-data/an_dict",
				"espeak-ng-data/ar_dict",
				"espeak-ng-data/as_dict",
				"espeak-ng-data/az_dict",
				"espeak-ng-data/ba_dict",
				"espeak-ng-data/be_dict",
				"espeak-ng-data/bg_dict",
				"espeak-ng-data/bn_dict",
				"espeak-ng-data/bpy_dict",
				"espeak-ng-data/bs_dict",
				"espeak-ng-data/ca_dict",
				"espeak-ng-data/chr_dict",
				"espeak-ng-data/cmn_dict",
				"espeak-ng-data/cs_dict",
				"espeak-ng-data/cv_dict",
				"espeak-ng-data/cy_dict",
				"espeak-ng-data/da_dict",
				"espeak-ng-data/de_dict",
				"espeak-ng-data/el_dict",
				"espeak-ng-data/en_dict",
				"espeak-ng-data/eo_dict",
				"espeak-ng-data/es_dict",
				"espeak-ng-data/et_dict",
				"espeak-ng-data/eu_dict",
				"espeak-ng-data/fa_dict",
				"espeak-ng-data/fi_dict",
				"espeak-ng-data/fr_dict",
				"espeak-ng-data/ga_dict",
				"espeak-ng-data/gd_dict",
				"espeak-ng-data/gn_dict",
				"espeak-ng-data/grc_dict",
				"espeak-ng-data/gu_dict",
				"espeak-ng-data/hak_dict",
				"espeak-ng-data/haw_dict",
				"espeak-ng-data/he_dict",
				"espeak-ng-data/hi_dict",
				"espeak-ng-data/hr_dict",
				"espeak-ng-data/ht_dict",
				"espeak-ng-data/hu_dict",
				"espeak-ng-data/hy_dict",
				"espeak-ng-data/ia_dict",
				"espeak-ng-data/id_dict",
				"espeak-ng-data/intonations",
				"espeak-ng-data/io_dict",
				"espeak-ng-data/is_dict",
				"espeak-ng-data/it_dict",
				"espeak-ng-data/ja_dict",
				"espeak-ng-data/jbo_dict",
				"espeak-ng-data/ka_dict",
				"espeak-ng-data/kk_dict",
				"espeak-ng-data/kl_dict",
				"espeak-ng-data/kn_dict",
				"espeak-ng-data/ko_dict",
				"espeak-ng-data/kok_dict",
				"espeak-ng-data/ku_dict",
				"espeak-ng-data/ky_dict",
				"espeak-ng-data/la_dict",
				"espeak-ng-data/lang/aav/vi",
				"espeak-ng-data/lang/aav/vi-VN-x-central",
				"espeak-ng-data/lang/aav/vi-VN-x-south",
				"espeak-ng-data/lang/art/eo",
				"espeak-ng-data/lang/art/ia",
				"espeak-ng-data/lang/art/io",
				"espeak-ng-data/lang/art/jbo",
				"espeak-ng-data/lang/art/lfn",
				"espeak-ng-data/lang/art/piqd",
				"espeak-ng-data/lang/art/py",
				"espeak-ng-data/lang/art/qdb",
				"espeak-ng-data/lang/art/qya",
				"espeak-ng-data/lang/art/sjn",
				"espeak-ng-data/lang/azc/nci",
				"espeak-ng-data/lang/bat/lt",
				"espeak-ng-data/lang/bat/ltg",
				"espeak-ng-data/lang/bat/lv",
				"espeak-ng-data/lang/bnt/sw",
				"espeak-ng-data/lang/bnt/tn",
				"espeak-ng-data/lang/ccs/ka",
				"espeak-ng-data/lang/cel/cy",
				"espeak-ng-data/lang/cel/ga",
				"espeak-ng-data/lang/cel/gd",
				"espeak-ng-data/lang/cus/om",
				"espeak-ng-data/lang/dra/kn",
				"espeak-ng-data/lang/dra/ml",
				"espeak-ng-data/lang/dra/ta",
				"espeak-ng-data/lang/dra/te",
				"espeak-ng-data/lang/esx/kl",
				"espeak-ng-data/lang/eu",
				"espeak-ng-data/lang/gmq/da",
				"espeak-ng-data/lang/gmq/is",
				"espeak-ng-data/lang/gmq/nb",
				"espeak-ng-data/lang/gmq/sv",
				"espeak-ng-data/lang/gmw/af",
				"espeak-ng-data/lang/gmw/de",
				"espeak-ng-data/lang/gmw/en",
				"espeak-ng-data/lang/gmw/en-029",
				"espeak-ng-data/lang/gmw/en-GB-scotland",
				"espeak-ng-data/lang/gmw/en-GB-x-gbclan",
				"espeak-ng-data/lang/gmw/en-GB-x-gbcwmd",
				"espeak-ng-data/lang/gmw/en-GB-x-rp",
				"espeak-ng-data/lang/gmw/en-US",
				"espeak-ng-data/lang/gmw/en-US-nyc",
				"espeak-ng-data/lang/gmw/lb",
				"espeak-ng-data/lang/gmw/nl",
				"espeak-ng-data/lang/grk/el",
				"espeak-ng-data/lang/grk/grc",
				"espeak-ng-data/lang/inc/as",
				"espeak-ng-data/lang/inc/bn",
				"espeak-ng-data/lang/inc/bpy",
				"espeak-ng-data/lang/inc/gu",
				"espeak-ng-data/lang/inc/hi",
				"espeak-ng-data/lang/inc/kok",
				"espeak-ng-data/lang/inc/mr",
				"espeak-ng-data/lang/inc/ne",
				"espeak-ng-data/lang/inc/or",
				"espeak-ng-data/lang/inc/pa",
				"espeak-ng-data/lang/inc/sd",
				"espeak-ng-data/lang/inc/si",
				"espeak-ng-data/lang/inc/ur",
				"espeak-ng-data/lang/ine/hy",
				"espeak-ng-data/lang/ine/hyw",
				"espeak-ng-data/lang/ine/sq",
				"espeak-ng-data/lang/ira/fa",
				"espeak-ng-data/lang/ira/fa-Latn",
				"espeak-ng-data/lang/ira/ku",
				"espeak-ng-data/lang/iro/chr",
				"espeak-ng-data/lang/itc/la",
				"espeak-ng-data/lang/jpx/ja",
				"espeak-ng-data/lang/ko",
				"espeak-ng-data/lang/map/haw",
				"espeak-ng-data/lang/miz/mto",
				"espeak-ng-data/lang/myn/quc",
				"espeak-ng-data/lang/poz/id",
				"espeak-ng-data/lang/poz/mi",
				"espeak-ng-data/lang/poz/ms",
				"espeak-ng-data/lang/qu",
				"espeak-ng-data/lang/roa/an",
				"espeak-ng-data/lang/roa/ca",
				"espeak-ng-data/lang/roa/es",
				"espeak-ng-data/lang/roa/es-419",
				"espeak-ng-data/lang/roa/fr",
				"espeak-ng-data/lang/roa/fr-BE",
				"espeak-ng-data/lang/roa/fr-CH",
				"espeak-ng-data/lang/roa/ht",
				"espeak-ng-data/lang/roa/it",
				"espeak-ng-data/lang/roa/pap",
				"espeak-ng-data/lang/roa/pt",
				"espeak-ng-data/lang/roa/pt-BR",
				"espeak-ng-data/lang/roa/ro",
				"espeak-ng-data/lang/sai/gn",
				"espeak-ng-data/lang/sem/am",
				"espeak-ng-data/lang/sem/ar",
				"espeak-ng-data/lang/sem/he",
				"espeak-ng-data/lang/sem/mt",
				"espeak-ng-data/lang/sit/cmn",
				"espeak-ng-data/lang/sit/cmn-Latn-pinyin",
				"espeak-ng-data/lang/sit/hak",
				"espeak-ng-data/lang/sit/my",
				"espeak-ng-data/lang/sit/yue",
				"espeak-ng-data/lang/sit/yue-Latn-jyutping",
				"espeak-ng-data/lang/tai/shn",
				"espeak-ng-data/lang/tai/th",
				"espeak-ng-data/lang/trk/az",
				"espeak-ng-data/lang/trk/ba",
				"espeak-ng-data/lang/trk/cv",
				"espeak-ng-data/lang/trk/kk",
				"espeak-ng-data/lang/trk/ky",
				"espeak-ng-data/lang/trk/nog",
				"espeak-ng-data/lang/trk/tk",
				"espeak-ng-data/lang/trk/tr",
				"espeak-ng-data/lang/trk/tt",
				"espeak-ng-data/lang/trk/ug",
				"espeak-ng-data/lang/trk/uz",
				"espeak-ng-data/lang/urj/et",
				"espeak-ng-data/lang/urj/fi",
				"espeak-ng-data/lang/urj/hu",
				"espeak-ng-data/lang/urj/smj",
				"espeak-ng-data/lang/zle/be",
				"espeak-ng-data/lang/zle/ru",
				"espeak-ng-data/lang/zle/ru-cl",
				"espeak-ng-data/lang/zle/ru-LV",
				"espeak-ng-data/lang/zle/uk",
				"espeak-ng-data/lang/zls/bg",
				"espeak-ng-data/lang/zls/bs",
				"espeak-ng-data/lang/zls/hr",
				"espeak-ng-data/lang/zls/mk",
				"espeak-ng-data/lang/zls/sl",
				"espeak-ng-data/lang/zls/sr",
				"espeak-ng-data/lang/zlw/cs",
				"espeak-ng-data/lang/zlw/pl",
				"espeak-ng-data/lang/zlw/sk",
				"espeak-ng-data/lb_dict",
				"espeak-ng-data/lfn_dict",
				"espeak-ng-data/lt_dict",
				"espeak-ng-data/lv_dict",
				"espeak-ng-data/mi_dict",
				"espeak-ng-data/mk_dict",
				"espeak-ng-data/ml_dict",
				"espeak-ng-data/mr_dict",
				"espeak-ng-data/ms_dict",
				"espeak-ng-data/mt_dict",
				"espeak-ng-data/mto_dict",
				"espeak-ng-data/my_dict",
				"espeak-ng-data/nci_dict",
				"espeak-ng-data/ne_dict",
				"espeak-ng-data/nl_dict",
				"espeak-ng-data/no_dict",
				"espeak-ng-data/nog_dict",
				"espeak-ng-data/om_dict",
				"espeak-ng-data/or_dict",
				"espeak-ng-data/pa_dict",
				"espeak-ng-data/pap_dict",
				"espeak-ng-data/phondata",
				"espeak-ng-data/phondata-manifest",
				"espeak-ng-data/phonindex",
				"espeak-ng-data/phontab",
				"espeak-ng-data/piqd_dict",
				"espeak-ng-data/pl_dict",
				"espeak-ng-data/pt_dict",
				"espeak-ng-data/py_dict",
				"espeak-ng-data/qdb_dict",
				"espeak-ng-data/qu_dict",
				"espeak-ng-data/quc_dict",
				"espeak-ng-data/qya_dict",
				"espeak-ng-data/ro_dict",
				"espeak-ng-data/ru_dict",
				"espeak-ng-data/sd_dict",
				"espeak-ng-data/shn_dict",
				"espeak-ng-data/si_dict",
				"espeak-ng-data/sjn_dict",
				"espeak-ng-data/sk_dict",
				"espeak-ng-data/sl_dict",
				"espeak-ng-data/smj_dict",
				"espeak-ng-data/sq_dict",
				"espeak-ng-data/sr_dict",
				"espeak-ng-data/sv_dict",
				"espeak-ng-data/sw_dict",
				"espeak-ng-data/ta_dict",
				"espeak-ng-data/te_dict",
				"espeak-ng-data/th_dict",
				"espeak-ng-data/tk_dict",
				"espeak-ng-data/tn_dict",
				"espeak-ng-data/tr_dict",
				"espeak-ng-data/tt_dict",
				"espeak-ng-data/ug_dict",
				"espeak-ng-data/uk_dict",
				"espeak-ng-data/ur_dict",
				"espeak-ng-data/uz_dict",
				"espeak-ng-data/vi_dict",
				"espeak-ng-data/voices/!v/adam",
				"espeak-ng-data/voices/!v/Alex",
				"espeak-ng-data/voices/!v/Alicia",
				"espeak-ng-data/voices/!v/Andrea",
				"espeak-ng-data/voices/!v/Andy",
				"espeak-ng-data/voices/!v/anika",
				"espeak-ng-data/voices/!v/anikaRobot",
				"espeak-ng-data/voices/!v/Annie",
				"espeak-ng-data/voices/!v/announcer",
				"espeak-ng-data/voices/!v/antonio",
				"espeak-ng-data/voices/!v/AnxiousAndy",
				"espeak-ng-data/voices/!v/aunty",
				"espeak-ng-data/voices/!v/belinda",
				"espeak-ng-data/voices/!v/benjamin",
				"espeak-ng-data/voices/!v/boris",
				"espeak-ng-data/voices/!v/caleb",
				"espeak-ng-data/voices/!v/croak",
				"espeak-ng-data/voices/!v/david",
				"espeak-ng-data/voices/!v/Demonic",
				"espeak-ng-data/voices/!v/Denis",
				"espeak-ng-data/voices/!v/Diogo",
				"espeak-ng-data/voices/!v/ed",
				"espeak-ng-data/voices/!v/edward",
				"espeak-ng-data/voices/!v/edward2",
				"espeak-ng-data/voices/!v/f1",
				"espeak-ng-data/voices/!v/f2",
				"espeak-ng-data/voices/!v/f3",
				"espeak-ng-data/voices/!v/f4",
				"espeak-ng-data/voices/!v/f5",
				"espeak-ng-data/voices/!v/fast",
				"espeak-ng-data/voices/!v/Gene",
				"espeak-ng-data/voices/!v/Gene2",
				"espeak-ng-data/voices/!v/grandma",
				"espeak-ng-data/voices/!v/grandpa",
				"espeak-ng-data/voices/!v/gustave",
				"espeak-ng-data/voices/!v/Henrique",
				"espeak-ng-data/voices/!v/Hugo",
				"espeak-ng-data/voices/!v/ian",
				"espeak-ng-data/voices/!v/iven",
				"espeak-ng-data/voices/!v/iven2",
				"espeak-ng-data/voices/!v/iven3",
				"espeak-ng-data/voices/!v/iven4",
				"espeak-ng-data/voices/!v/Jacky",
				"espeak-ng-data/voices/!v/john",
				"espeak-ng-data/voices/!v/kaukovalta",
				"espeak-ng-data/voices/!v/klatt",
				"espeak-ng-data/voices/!v/klatt2",
				"espeak-ng-data/voices/!v/klatt3",
				"espeak-ng-data/voices/!v/klatt4",
				"espeak-ng-data/voices/!v/klatt5",
				"espeak-ng-data/voices/!v/klatt6",
				"espeak-ng-data/voices/!v/Lee",
				"espeak-ng-data/voices/!v/linda",
				"espeak-ng-data/voices/!v/m1",
				"espeak-ng-data/voices/!v/m2",
				"espeak-ng-data/voices/!v/m3",
				"espeak-ng-data/voices/!v/m4",
				"espeak-ng-data/voices/!v/m5",
				"espeak-ng-data/voices/!v/m6",
				"espeak-ng-data/voices/!v/m7",
				"espeak-ng-data/voices/!v/m8",
				"espeak-ng-data/voices/!v/marcelo",
				"espeak-ng-data/voices/!v/Marco",
				"espeak-ng-data/voices/!v/Mario",
				"espeak-ng-data/voices/!v/max",
				"espeak-ng-data/voices/!v/Michael",
				"espeak-ng-data/voices/!v/michel",
				"espeak-ng-data/voices/!v/miguel",
				"espeak-ng-data/voices/!v/Mike",
				"espeak-ng-data/voices/!v/mike2",
				"espeak-ng-data/voices/!v/Mr serious",
				"espeak-ng-data/voices/!v/Nguyen",
				"espeak-ng-data/voices/!v/norbert",
				"espeak-ng-data/voices/!v/pablo",
				"espeak-ng-data/voices/!v/paul",
				"espeak-ng-data/voices/!v/pedro",
				"espeak-ng-data/voices/!v/quincy",
				"espeak-ng-data/voices/!v/Reed",
				"espeak-ng-data/voices/!v/RicishayMax",
				"espeak-ng-data/voices/!v/RicishayMax2",
				"espeak-ng-data/voices/!v/RicishayMax3",
				"espeak-ng-data/voices/!v/rob",
				"espeak-ng-data/voices/!v/robert",
				"espeak-ng-data/voices/!v/robosoft",
				"espeak-ng-data/voices/!v/robosoft2",
				"espeak-ng-data/voices/!v/robosoft3",
				"espeak-ng-data/voices/!v/robosoft4",
				"espeak-ng-data/voices/!v/robosoft5",
				"espeak-ng-data/voices/!v/robosoft6",
				"espeak-ng-data/voices/!v/robosoft7",
				"espeak-ng-data/voices/!v/robosoft8",
				"espeak-ng-data/voices/!v/sandro",
				"espeak-ng-data/voices/!v/shelby",
				"espeak-ng-data/voices/!v/steph",
				"espeak-ng-data/voices/!v/steph2",
				"espeak-ng-data/voices/!v/steph3",
				"espeak-ng-data/voices/!v/Storm",
				"espeak-ng-data/voices/!v/travis",
				"espeak-ng-data/voices/!v/Tweaky",
				"espeak-ng-data/voices/!v/UniRobot",
				"espeak-ng-data/voices/!v/victor",
				"espeak-ng-data/voices/!v/whisper",
				"espeak-ng-data/voices/!v/whisperf",
				"espeak-ng-data/voices/!v/zac",
				"espeak-ng-data/yue_dict",
				"lexicon-gb-en.txt",
				"lexicon-us-en.txt",
				"lexicon-zh.txt",
				LICENSE,
				"number-zh.fst",
				"phone-zh.fst",
				README.md,
				tokens.txt,
				voices.bin,
			);
			target = C917B4E02B0EEF3B005245AC /* SherpaOnnxTts */;
		};
/* End PBXFileSystemSynchronizedBuildFileExceptionSet section */

/* Begin PBXFileSystemSynchronizedRootGroup section */
		30AF07C92E4017EF00E4DD30 /* kokoro-82m */ = {isa = PBXFileSystemSynchronizedRootGroup; exceptions = (30AF09432E4017FA00E4DD30 /* PBXFileSystemSynchronizedBuildFileExceptionSet */, ); explicitFileTypes = {}; explicitFolders = (); path = "kokoro-82m"; sourceTree = "<group>"; };
/* End PBXFileSystemSynchronizedRootGroup section */

/* Begin PBXFrameworksBuildPhase section */
		C917B4DE2B0EEF3B005245AC /* Frameworks */ = {
			isa = PBXFrameworksBuildPhase;
			buildActionMask = 2147483647;
			files = (
				C9FE9FEF2B0F3EFB009F1003 /* onnxruntime.xcframework in Frameworks */,
				C9FE9FEA2B0F3754009F1003 /* sherpa-onnx.xcframework in Frameworks */,
			);
			runOnlyForDeploymentPostprocessing = 0;
		};
/* End PBXFrameworksBuildPhase section */

/* Begin PBXGroup section */
		C917B4D82B0EEF3B005245AC = {
			isa = PBXGroup;
			children = (
				30AF09442E40181400E4DD30 /* kokoro-82m */,
				C917B4E32B0EEF3B005245AC /* SherpaOnnxTts */,
				C917B4E22B0EEF3B005245AC /* Products */,
				C9FE9FE82B0F3754009F1003 /* Frameworks */,
			);
			sourceTree = "<group>";
		};
		C917B4E22B0EEF3B005245AC /* Products */ = {
			isa = PBXGroup;
			children = (
				C917B4E12B0EEF3B005245AC /* SherpaOnnxTts.app */,
			);
			name = Products;
			sourceTree = "<group>";
		};
		C917B4E32B0EEF3B005245AC /* SherpaOnnxTts */ = {
			isa = PBXGroup;
			children = (
				30AF07C92E4017EF00E4DD30 /* kokoro-82m */,
				C9FE9FE62B0F3620009F1003 /* SherpaOnnx.swift */,
				C9FE9FE42B0F33CD009F1003 /* ViewModel.swift */,
				C917B4E42B0EEF3B005245AC /* SherpaOnnxTtsApp.swift */,
				C917B4E62B0EEF3B005245AC /* ContentView.swift */,
				C917B4E82B0EEF3C005245AC /* Assets.xcassets */,
				C917B4EA2B0EEF3C005245AC /* Preview Content */,
			);
			path = SherpaOnnxTts;
			sourceTree = "<group>";
		};
		C917B4EA2B0EEF3C005245AC /* Preview Content */ = {
			isa = PBXGroup;
			children = (
				C917B4EB2B0EEF3C005245AC /* Preview Assets.xcassets */,
			);
			path = "Preview Content";
			sourceTree = "<group>";
		};
		C9FE9FE82B0F3754009F1003 /* Frameworks */ = {
			isa = PBXGroup;
			children = (
				C9FE9FEB2B0F3785009F1003 /* onnxruntime.xcframework */,
				C9FE9FE92B0F3754009F1003 /* sherpa-onnx.xcframework */,
			);
			name = Frameworks;
			sourceTree = "<group>";
		};
/* End PBXGroup section */

/* Begin PBXNativeTarget section */
		C917B4E02B0EEF3B005245AC /* SherpaOnnxTts */ = {
			isa = PBXNativeTarget;
			buildConfigurationList = C917B4EF2B0EEF3C005245AC /* Build configuration list for PBXNativeTarget "SherpaOnnxTts" */;
			buildPhases = (
				C917B4DD2B0EEF3B005245AC /* Sources */,
				C917B4DE2B0EEF3B005245AC /* Frameworks */,
				C917B4DF2B0EEF3B005245AC /* Resources */,
			);
			buildRules = (
			);
			dependencies = (
			);
			fileSystemSynchronizedGroups = (
				30AF07C92E4017EF00E4DD30 /* kokoro-82m */,
			);
			name = SherpaOnnxTts;
			productName = SherpaOnnxTts;
			productReference = C917B4E12B0EEF3B005245AC /* SherpaOnnxTts.app */;
			productType = "com.apple.product-type.application";
		};
/* End PBXNativeTarget section */

/* Begin PBXProject section */
		C917B4D92B0EEF3B005245AC /* Project object */ = {
			isa = PBXProject;
			attributes = {
				BuildIndependentTargetsInParallel = 1;
				LastSwiftUpdateCheck = 1420;
				LastUpgradeCheck = 1420;
				TargetAttributes = {
					C917B4E02B0EEF3B005245AC = {
						CreatedOnToolsVersion = 14.2;
					};
				};
			};
			buildConfigurationList = C917B4DC2B0EEF3B005245AC /* Build configuration list for PBXProject "SherpaOnnxTts" */;
			compatibilityVersion = "Xcode 14.0";
			developmentRegion = en;
			hasScannedForEncodings = 0;
			knownRegions = (
				en,
				Base,
			);
			mainGroup = C917B4D82B0EEF3B005245AC;
			productRefGroup = C917B4E22B0EEF3B005245AC /* Products */;
			projectDirPath = "";
			projectRoot = "";
			targets = (
				C917B4E02B0EEF3B005245AC /* SherpaOnnxTts */,
			);
		};
/* End PBXProject section */

/* Begin PBXResourcesBuildPhase section */
		C917B4DF2B0EEF3B005245AC /* Resources */ = {
			isa = PBXResourcesBuildPhase;
			buildActionMask = 2147483647;
			files = (
				30AF09452E40181400E4DD30 /* kokoro-82m in Resources */,
				C917B4EC2B0EEF3C005245AC /* Preview Assets.xcassets in Resources */,
				C917B4E92B0EEF3C005245AC /* Assets.xcassets in Resources */,
			);
			runOnlyForDeploymentPostprocessing = 0;
		};
/* End PBXResourcesBuildPhase section */

/* Begin PBXSourcesBuildPhase section */
		C917B4DD2B0EEF3B005245AC /* Sources */ = {
			isa = PBXSourcesBuildPhase;
			buildActionMask = 2147483647;
			files = (
				C917B4E72B0EEF3B005245AC /* ContentView.swift in Sources */,
				C9FE9FE72B0F3620009F1003 /* SherpaOnnx.swift in Sources */,
				C9FE9FE52B0F33CD009F1003 /* ViewModel.swift in Sources */,
				C917B4E52B0EEF3B005245AC /* SherpaOnnxTtsApp.swift in Sources */,
			);
			runOnlyForDeploymentPostprocessing = 0;
		};
/* End PBXSourcesBuildPhase section */

/* Begin XCBuildConfiguration section */
		C917B4ED2B0EEF3C005245AC /* Debug */ = {
			isa = XCBuildConfiguration;
			buildSettings = {
				ALWAYS_SEARCH_USER_PATHS = NO;
				CLANG_ANALYZER_NONNULL = YES;
				CLANG_ANALYZER_NUMBER_OBJECT_CONVERSION = YES_AGGRESSIVE;
				CLANG_CXX_LANGUAGE_STANDARD = "gnu++20";
				CLANG_ENABLE_MODULES = YES;
				CLANG_ENABLE_OBJC_ARC = YES;
				CLANG_ENABLE_OBJC_WEAK = YES;
				CLANG_WARN_BLOCK_CAPTURE_AUTORELEASING = YES;
				CLANG_WARN_BOOL_CONVERSION = YES;
				CLANG_WARN_COMMA = YES;
				CLANG_WARN_CONSTANT_CONVERSION = YES;
				CLANG_WARN_DEPRECATED_OBJC_IMPLEMENTATIONS = YES;
				CLANG_WARN_DIRECT_OBJC_ISA_USAGE = YES_ERROR;
				CLANG_WARN_DOCUMENTATION_COMMENTS = YES;
				CLANG_WARN_EMPTY_BODY = YES;
				CLANG_WARN_ENUM_CONVERSION = YES;
				CLANG_WARN_INFINITE_RECURSION = YES;
				CLANG_WARN_INT_CONVERSION = YES;
				CLANG_WARN_NON_LITERAL_NULL_CONVERSION = YES;
				CLANG_WARN_OBJC_IMPLICIT_RETAIN_SELF = YES;
				CLANG_WARN_OBJC_LITERAL_CONVERSION = YES;
				CLANG_WARN_OBJC_ROOT_CLASS = YES_ERROR;
				CLANG_WARN_QUOTED_INCLUDE_IN_FRAMEWORK_HEADER = YES;
				CLANG_WARN_RANGE_LOOP_ANALYSIS = YES;
				CLANG_WARN_STRICT_PROTOTYPES = YES;
				CLANG_WARN_SUSPICIOUS_MOVE = YES;
				CLANG_WARN_UNGUARDED_AVAILABILITY = YES_AGGRESSIVE;
				CLANG_WARN_UNREACHABLE_CODE = YES;
				CLANG_WARN__DUPLICATE_METHOD_MATCH = YES;
				COPY_PHASE_STRIP = NO;
				DEBUG_INFORMATION_FORMAT = dwarf;
				ENABLE_STRICT_OBJC_MSGSEND = YES;
				ENABLE_TESTABILITY = YES;
				GCC_C_LANGUAGE_STANDARD = gnu11;
				GCC_DYNAMIC_NO_PIC = NO;
				GCC_NO_COMMON_BLOCKS = YES;
				GCC_OPTIMIZATION_LEVEL = 0;
				GCC_PREPROCESSOR_DEFINITIONS = (
					"DEBUG=1",
					"$(inherited)",
				);
				GCC_WARN_64_TO_32_BIT_CONVERSION = YES;
				GCC_WARN_ABOUT_RETURN_TYPE = YES_ERROR;
				GCC_WARN_UNDECLARED_SELECTOR = YES;
				GCC_WARN_UNINITIALIZED_AUTOS = YES_AGGRESSIVE;
				GCC_WARN_UNUSED_FUNCTION = YES;
				GCC_WARN_UNUSED_VARIABLE = YES;
				IPHONEOS_DEPLOYMENT_TARGET = 16.2;
				MTL_ENABLE_DEBUG_INFO = INCLUDE_SOURCE;
				MTL_FAST_MATH = YES;
				ONLY_ACTIVE_ARCH = YES;
				SDKROOT = iphoneos;
				SWIFT_ACTIVE_COMPILATION_CONDITIONS = DEBUG;
				SWIFT_OPTIMIZATION_LEVEL = "-Onone";
			};
			name = Debug;
		};
		C917B4EE2B0EEF3C005245AC /* Release */ = {
			isa = XCBuildConfiguration;
			buildSettings = {
				ALWAYS_SEARCH_USER_PATHS = NO;
				CLANG_ANALYZER_NONNULL = YES;
				CLANG_ANALYZER_NUMBER_OBJECT_CONVERSION = YES_AGGRESSIVE;
				CLANG_CXX_LANGUAGE_STANDARD = "gnu++20";
				CLANG_ENABLE_MODULES = YES;
				CLANG_ENABLE_OBJC_ARC = YES;
				CLANG_ENABLE_OBJC_WEAK = YES;
				CLANG_WARN_BLOCK_CAPTURE_AUTORELEASING = YES;
				CLANG_WARN_BOOL_CONVERSION = YES;
				CLANG_WARN_COMMA = YES;
				CLANG_WARN_CONSTANT_CONVERSION = YES;
				CLANG_WARN_DEPRECATED_OBJC_IMPLEMENTATIONS = YES;
				CLANG_WARN_DIRECT_OBJC_ISA_USAGE = YES_ERROR;
				CLANG_WARN_DOCUMENTATION_COMMENTS = YES;
				CLANG_WARN_EMPTY_BODY = YES;
				CLANG_WARN_ENUM_CONVERSION = YES;
				CLANG_WARN_INFINITE_RECURSION = YES;
				CLANG_WARN_INT_CONVERSION = YES;
				CLANG_WARN_NON_LITERAL_NULL_CONVERSION = YES;
				CLANG_WARN_OBJC_IMPLICIT_RETAIN_SELF = YES;
				CLANG_WARN_OBJC_LITERAL_CONVERSION = YES;
				CLANG_WARN_OBJC_ROOT_CLASS = YES_ERROR;
				CLANG_WARN_QUOTED_INCLUDE_IN_FRAMEWORK_HEADER = YES;
				CLANG_WARN_RANGE_LOOP_ANALYSIS = YES;
				CLANG_WARN_STRICT_PROTOTYPES = YES;
				CLANG_WARN_SUSPICIOUS_MOVE = YES;
				CLANG_WARN_UNGUARDED_AVAILABILITY = YES_AGGRESSIVE;
				CLANG_WARN_UNREACHABLE_CODE = YES;
				CLANG_WARN__DUPLICATE_METHOD_MATCH = YES;
				COPY_PHASE_STRIP = NO;
				DEBUG_INFORMATION_FORMAT = "dwarf-with-dsym";
				ENABLE_NS_ASSERTIONS = NO;
				ENABLE_STRICT_OBJC_MSGSEND = YES;
				GCC_C_LANGUAGE_STANDARD = gnu11;
				GCC_NO_COMMON_BLOCKS = YES;
				GCC_WARN_64_TO_32_BIT_CONVERSION = YES;
				GCC_WARN_ABOUT_RETURN_TYPE = YES_ERROR;
				GCC_WARN_UNDECLARED_SELECTOR = YES;
				GCC_WARN_UNINITIALIZED_AUTOS = YES_AGGRESSIVE;
				GCC_WARN_UNUSED_FUNCTION = YES;
				GCC_WARN_UNUSED_VARIABLE = YES;
				IPHONEOS_DEPLOYMENT_TARGET = 16.2;
				MTL_ENABLE_DEBUG_INFO = NO;
				MTL_FAST_MATH = YES;
				SDKROOT = iphoneos;
				SWIFT_COMPILATION_MODE = wholemodule;
				SWIFT_OPTIMIZATION_LEVEL = "-O";
				VALIDATE_PRODUCT = YES;
			};
			name = Release;
		};
		C917B4F02B0EEF3C005245AC /* Debug */ = {
			isa = XCBuildConfiguration;
			buildSettings = {
				ASSETCATALOG_COMPILER_APPICON_NAME = AppIcon;
				ASSETCATALOG_COMPILER_GLOBAL_ACCENT_COLOR_NAME = AccentColor;
				CODE_SIGN_STYLE = Automatic;
				CURRENT_PROJECT_VERSION = 1;
				DEVELOPMENT_ASSET_PATHS = "\"SherpaOnnxTts/Preview Content\"";
				ENABLE_PREVIEWS = YES;
				FRAMEWORK_SEARCH_PATHS = "${PROJECT_DIR}/../../build-ios";
				GENERATE_INFOPLIST_FILE = YES;
				HEADER_SEARCH_PATHS = "${PROJECT_DIR}/../../build-ios/sherpa-onnx.xcframework/Headers";
				INFOPLIST_KEY_UIApplicationSceneManifest_Generation = YES;
				INFOPLIST_KEY_UIApplicationSupportsIndirectInputEvents = YES;
				INFOPLIST_KEY_UILaunchScreen_Generation = YES;
				INFOPLIST_KEY_UISupportedInterfaceOrientations_iPad = "UIInterfaceOrientationPortrait UIInterfaceOrientationPortraitUpsideDown UIInterfaceOrientationLandscapeLeft UIInterfaceOrientationLandscapeRight";
				INFOPLIST_KEY_UISupportedInterfaceOrientations_iPhone = "UIInterfaceOrientationPortrait UIInterfaceOrientationLandscapeLeft UIInterfaceOrientationLandscapeRight";
				LD_RUNPATH_SEARCH_PATHS = (
					"$(inherited)",
					"@executable_path/Frameworks",
				);
				MARKETING_VERSION = 1.0;
				OTHER_LDFLAGS = "-lc++";
				PRODUCT_BUNDLE_IDENTIFIER = "com.k2-fsa.org.SherpaOnnxTts";
				PRODUCT_NAME = "$(TARGET_NAME)";
				SWIFT_EMIT_LOC_STRINGS = YES;
				SWIFT_OBJC_BRIDGING_HEADER = "${PROJECT_DIR}/../../swift-api-examples/SherpaOnnx-Bridging-Header.h";
				SWIFT_VERSION = 5.0;
				TARGETED_DEVICE_FAMILY = "1,2";
			};
			name = Debug;
		};
		C917B4F12B0EEF3C005245AC /* Release */ = {
			isa = XCBuildConfiguration;
			buildSettings = {
				ASSETCATALOG_COMPILER_APPICON_NAME = AppIcon;
				ASSETCATALOG_COMPILER_GLOBAL_ACCENT_COLOR_NAME = AccentColor;
				CODE_SIGN_STYLE = Automatic;
				CURRENT_PROJECT_VERSION = 1;
				DEVELOPMENT_ASSET_PATHS = "\"SherpaOnnxTts/Preview Content\"";
				ENABLE_PREVIEWS = YES;
				FRAMEWORK_SEARCH_PATHS = "${PROJECT_DIR}/../../build-ios";
				GENERATE_INFOPLIST_FILE = YES;
				HEADER_SEARCH_PATHS = "${PROJECT_DIR}/../../build-ios/sherpa-onnx.xcframework/Headers";
				INFOPLIST_KEY_UIApplicationSceneManifest_Generation = YES;
				INFOPLIST_KEY_UIApplicationSupportsIndirectInputEvents = YES;
				INFOPLIST_KEY_UILaunchScreen_Generation = YES;
				INFOPLIST_KEY_UISupportedInterfaceOrientations_iPad = "UIInterfaceOrientationPortrait UIInterfaceOrientationPortraitUpsideDown UIInterfaceOrientationLandscapeLeft UIInterfaceOrientationLandscapeRight";
				INFOPLIST_KEY_UISupportedInterfaceOrientations_iPhone = "UIInterfaceOrientationPortrait UIInterfaceOrientationLandscapeLeft UIInterfaceOrientationLandscapeRight";
				LD_RUNPATH_SEARCH_PATHS = (
					"$(inherited)",
					"@executable_path/Frameworks",
				);
				MARKETING_VERSION = 1.0;
				OTHER_LDFLAGS = "-lc++";
				PRODUCT_BUNDLE_IDENTIFIER = "com.k2-fsa.org.SherpaOnnxTts";
				PRODUCT_NAME = "$(TARGET_NAME)";
				SWIFT_EMIT_LOC_STRINGS = YES;
				SWIFT_OBJC_BRIDGING_HEADER = "${PROJECT_DIR}/../../swift-api-examples/SherpaOnnx-Bridging-Header.h";
				SWIFT_VERSION = 5.0;
				TARGETED_DEVICE_FAMILY = "1,2";
			};
			name = Release;
		};
/* End XCBuildConfiguration section */

/* Begin XCConfigurationList section */
		C917B4DC2B0EEF3B005245AC /* Build configuration list for PBXProject "SherpaOnnxTts" */ = {
			isa = XCConfigurationList;
			buildConfigurations = (
				C917B4ED2B0EEF3C005245AC /* Debug */,
				C917B4EE2B0EEF3C005245AC /* Release */,
			);
			defaultConfigurationIsVisible = 0;
			defaultConfigurationName = Release;
		};
		C917B4EF2B0EEF3C005245AC /* Build configuration list for PBXNativeTarget "SherpaOnnxTts" */ = {
			isa = XCConfigurationList;
			buildConfigurations = (
				C917B4F02B0EEF3C005245AC /* Debug */,
				C917B4F12B0EEF3C005245AC /* Release */,
			);
			defaultConfigurationIsVisible = 0;
			defaultConfigurationName = Release;
		};
/* End XCConfigurationList section */
	};
	rootObject = C917B4D92B0EEF3B005245AC /* Project object */;
}
